
Microsoft Visual Studio Solution File, Format Version 12.00
# Visual Studio Version 17
VisualStudioVersion = 17.8.34525.116
MinimumVisualStudioVersion = 10.0.40219.1
Project("{FAE04EC0-301F-11D3-BF4B-00C04F79EFBC}") = "Registration_mvc", "Registration_mvc.csproj", "{20B79521-D7A7-44D1-B783-481952A4AA48}"
EndProject
Global
	GlobalSection(SolutionConfigurationPlatforms) = preSolution
		Debug|Any CPU = Debug|Any CPU
		Release|Any CPU = Release|Any CPU
	EndGlobalSection
	GlobalSection(ProjectConfigurationPlatforms) = postSolution
		{20B79521-D7A7-44D1-B783-481952A4AA48}.Debug|Any CPU.ActiveCfg = Debug|Any CPU
		{20B79521-D7A7-44D1-B783-481952A4AA48}.Debug|Any CPU.Build.0 = Debug|Any CPU
		{20B79521-D7A7-44D1-B783-481952A4AA48}.Release|Any CPU.ActiveCfg = Release|Any CPU
		{20B79521-D7A7-44D1-B783-481952A4AA48}.Release|Any CPU.Build.0 = Release|Any CPU
	EndGlobalSection
	GlobalSection(SolutionProperties) = preSolution
		HideSolutionNode = FALSE
	EndGlobalSection
	GlobalSection(ExtensibilityGlobals) = postSolution
		SolutionGuid = {EC7C352C-4812-41D1-87EC-63BE50BC0D0B}
	EndGlobalSection
EndGlobal
